
Microsoft Visual Studio Solution File, Format Version 11.00
# Visual Studio 2010
Project("{FAE04EC0-301F-11D3-BF4B-00C04F79EFBC}") = "Assembly-CSharp", "Assembly-CSharp.csproj", "{61AF94BD-1946-5892-AF29-4DB81FC34529}"
EndProject
Project("{FAE04EC0-301F-11D3-BF4B-00C04F79EFBC}") = "Assembly-CSharp-firstpass", "Assembly-CSharp-firstpass.csproj", "{AF6E5187-ECDF-490D-71C8-B95C4EAD49F4}"
EndProject
Global
	GlobalSection(SolutionConfigurationPlatforms) = preSolution
		Debug|Any CPU = Debug|Any CPU
		Release|Any CPU = Release|Any CPU
	EndGlobalSection
	GlobalSection(ProjectConfigurationPlatforms) = postSolution
		{61AF94BD-1946-5892-AF29-4DB81FC34529}.Debug|Any CPU.ActiveCfg = Debug|Any CPU
		{61AF94BD-1946-5892-AF29-4DB81FC34529}.Debug|Any CPU.Build.0 = Debug|Any CPU
		{61AF94BD-1946-5892-AF29-4DB81FC34529}.Release|Any CPU.ActiveCfg = Release|Any CPU
		{61AF94BD-1946-5892-AF29-4DB81FC34529}.Release|Any CPU.Build.0 = Release|Any CPU
		{AF6E5187-ECDF-490D-71C8-B95C4EAD49F4}.Debug|Any CPU.ActiveCfg = Debug|Any CPU
		{AF6E5187-ECDF-490D-71C8-B95C4EAD49F4}.Debug|Any CPU.Build.0 = Debug|Any CPU
		{AF6E5187-ECDF-490D-71C8-B95C4EAD49F4}.Release|Any CPU.ActiveCfg = Release|Any CPU
		{AF6E5187-ECDF-490D-71C8-B95C4EAD49F4}.Release|Any CPU.Build.0 = Release|Any CPU
	EndGlobalSection
	GlobalSection(SolutionProperties) = preSolution
		HideSolutionNode = FALSE
	EndGlobalSection
EndGlobal
